
Microsoft Visual Studio Solution File, Format Version 12.00
Project("{FAE04EC0-301F-11D3-BF4B-00C04F79EFBC}") = "TaskManagementApi", "TaskManagementApi\TaskManagementApi.csproj", "{4C5E07C4-5DF4-4A8F-AC7D-102EBB26337A}"
EndProject
Project("{FAE04EC0-301F-11D3-BF4B-00C04F79EFBC}") = "Core", "Core\Core.csproj", "{72522F6E-979B-4628-A081-F68E72EE28C7}"
EndProject
Project("{FAE04EC0-301F-11D3-BF4B-00C04F79EFBC}") = "Infrastructure", "Infrastructure\Infrastructure.csproj", "{82F8B2D3-E4B4-473A-92D1-0E198D234AB3}"
EndProject
Global
	GlobalSection(SolutionConfigurationPlatforms) = preSolution
		Debug|Any CPU = Debug|Any CPU
		Release|Any CPU = Release|Any CPU
	EndGlobalSection
	GlobalSection(ProjectConfigurationPlatforms) = postSolution
		{4C5E07C4-5DF4-4A8F-AC7D-102EBB26337A}.Debug|Any CPU.ActiveCfg = Debug|Any CPU
		{4C5E07C4-5DF4-4A8F-AC7D-102EBB26337A}.Debug|Any CPU.Build.0 = Debug|Any CPU
		{4C5E07C4-5DF4-4A8F-AC7D-102EBB26337A}.Release|Any CPU.ActiveCfg = Release|Any CPU
		{4C5E07C4-5DF4-4A8F-AC7D-102EBB26337A}.Release|Any CPU.Build.0 = Release|Any CPU
		{72522F6E-979B-4628-A081-F68E72EE28C7}.Debug|Any CPU.ActiveCfg = Debug|Any CPU
		{72522F6E-979B-4628-A081-F68E72EE28C7}.Debug|Any CPU.Build.0 = Debug|Any CPU
		{72522F6E-979B-4628-A081-F68E72EE28C7}.Release|Any CPU.ActiveCfg = Release|Any CPU
		{72522F6E-979B-4628-A081-F68E72EE28C7}.Release|Any CPU.Build.0 = Release|Any CPU
		{82F8B2D3-E4B4-473A-92D1-0E198D234AB3}.Debug|Any CPU.ActiveCfg = Debug|Any CPU
		{82F8B2D3-E4B4-473A-92D1-0E198D234AB3}.Debug|Any CPU.Build.0 = Debug|Any CPU
		{82F8B2D3-E4B4-473A-92D1-0E198D234AB3}.Release|Any CPU.ActiveCfg = Release|Any CPU
		{82F8B2D3-E4B4-473A-92D1-0E198D234AB3}.Release|Any CPU.Build.0 = Release|Any CPU
	EndGlobalSection
EndGlobal
